// !$*UTF8*$!
{
	archiveVersion = 1;
	classes = {
	};
	objectVersion = 46;
	objects = {

/* Begin PBXBuildFile section */
		0DF1CD3AA5914729BAB8E584 /* Ionicons.ttf in Resources */ = {isa = PBXBuildFile; fileRef = 183CFAF8A6FA46788A344A5E /* Ionicons.ttf */; };
		13B07FBC1A68108700A75B9A /* AppDelegate.m in Sources */ = {isa = PBXBuildFile; fileRef = 13B07FB01A68108700A75B9A /* AppDelegate.m */; };
		13B07FBD1A68108700A75B9A /* LaunchScreen.xib in Resources */ = {isa = PBXBuildFile; fileRef = 13B07FB11A68108700A75B9A /* LaunchScreen.xib */; };
		13B07FBF1A68108700A75B9A /* Images.xcassets in Resources */ = {isa = PBXBuildFile; fileRef = 13B07FB51A68108700A75B9A /* Images.xcassets */; };
		13B07FC11A68108700A75B9A /* main.m in Sources */ = {isa = PBXBuildFile; fileRef = 13B07FB71A68108700A75B9A /* main.m */; };
		1592B9EB9077485C9B175C1C /* Zocial.ttf in Resources */ = {isa = PBXBuildFile; fileRef = FBDAF2F0A0CB49D28C94B14A /* Zocial.ttf */; };
		1B899748D3794EA6ADAE58D4 /* FontAwesome.ttf in Resources */ = {isa = PBXBuildFile; fileRef = 034031D7ED6444A5A8BC07E8 /* FontAwesome.ttf */; };
		1C86A8CB2286060B00189BEA /* Octicons.ttf in Resources */ = {isa = PBXBuildFile; fileRef = 1C86A8BC2286060A00189BEA /* Octicons.ttf */; };
		1C86A8CC2286060B00189BEA /* Feather.ttf in Resources */ = {isa = PBXBuildFile; fileRef = 1C86A8BD2286060A00189BEA /* Feather.ttf */; };
		1C86A8CD2286060B00189BEA /* Entypo.ttf in Resources */ = {isa = PBXBuildFile; fileRef = 1C86A8BE2286060A00189BEA /* Entypo.ttf */; };
		1C86A8CE2286060B00189BEA /* FontAwesome5_Brands.ttf in Resources */ = {isa = PBXBuildFile; fileRef = 1C86A8BF2286060A00189BEA /* FontAwesome5_Brands.ttf */; };
		1C86A8CF2286060B00189BEA /* MaterialCommunityIcons.ttf in Resources */ = {isa = PBXBuildFile; fileRef = 1C86A8C02286060A00189BEA /* MaterialCommunityIcons.ttf */; };
		1C86A8D02286060B00189BEA /* AntDesign.ttf in Resources */ = {isa = PBXBuildFile; fileRef = 1C86A8C12286060A00189BEA /* AntDesign.ttf */; };
		1C86A8D12286060B00189BEA /* Foundation.ttf in Resources */ = {isa = PBXBuildFile; fileRef = 1C86A8C22286060A00189BEA /* Foundation.ttf */; };
		1C86A8D22286060B00189BEA /* Ionicons.ttf in Resources */ = {isa = PBXBuildFile; fileRef = 1C86A8C32286060A00189BEA /* Ionicons.ttf */; };
		1C86A8D32286060B00189BEA /* FontAwesome5_Solid.ttf in Resources */ = {isa = PBXBuildFile; fileRef = 1C86A8C42286060A00189BEA /* FontAwesome5_Solid.ttf */; };
		1C86A8D42286060B00189BEA /* FontAwesome5_Regular.ttf in Resources */ = {isa = PBXBuildFile; fileRef = 1C86A8C52286060A00189BEA /* FontAwesome5_Regular.ttf */; };
		1C86A8D52286060B00189BEA /* FontAwesome.ttf in Resources */ = {isa = PBXBuildFile; fileRef = 1C86A8C62286060A00189BEA /* FontAwesome.ttf */; };
		1C86A8D62286060B00189BEA /* Zocial.ttf in Resources */ = {isa = PBXBuildFile; fileRef = 1C86A8C72286060A00189BEA /* Zocial.ttf */; };
		1C86A8D72286060B00189BEA /* EvilIcons.ttf in Resources */ = {isa = PBXBuildFile; fileRef = 1C86A8C82286060A00189BEA /* EvilIcons.ttf */; };
		1C86A8D82286060B00189BEA /* SimpleLineIcons.ttf in Resources */ = {isa = PBXBuildFile; fileRef = 1C86A8C92286060A00189BEA /* SimpleLineIcons.ttf */; };
		1C86A8D92286060B00189BEA /* MaterialIcons.ttf in Resources */ = {isa = PBXBuildFile; fileRef = 1C86A8CA2286060A00189BEA /* MaterialIcons.ttf */; };
		2BB4A03B85B043F4925B1994 /* MaterialCommunityIcons.ttf in Resources */ = {isa = PBXBuildFile; fileRef = 3E1B60C8508140C2808B2D62 /* MaterialCommunityIcons.ttf */; };
		4415C2D0C4AA400A89D5CD7E /* Octicons.ttf in Resources */ = {isa = PBXBuildFile; fileRef = 51D48FB983124AE6A1FE7087 /* Octicons.ttf */; };
		4D6EB144B4A382D1E6324E63 /* Pods_StrangerThingsWall.framework in Frameworks */ = {isa = PBXBuildFile; fileRef = 0A1130EB9002468F07EC8F43 /* Pods_StrangerThingsWall.framework */; };
		72B5BDCBFC3248B1A823CE94 /* EvilIcons.ttf in Resources */ = {isa = PBXBuildFile; fileRef = 44BFE07266574C1CB2212AF1 /* EvilIcons.ttf */; };
		7B724EFF29284055AD78F708 /* Entypo.ttf in Resources */ = {isa = PBXBuildFile; fileRef = C3813355620847369B22701A /* Entypo.ttf */; };
		81080888B63B46CEBF26F930 /* SimpleLineIcons.ttf in Resources */ = {isa = PBXBuildFile; fileRef = 160C83174A1D4EC884733DBE /* SimpleLineIcons.ttf */; };
		BCA94A4CEEF944B994DF7C4F /* Fontisto.ttf in Resources */ = {isa = PBXBuildFile; fileRef = AE0616AD6E9B4F648F5A2B73 /* Fontisto.ttf */; };
		C1A66FBB238D43BFAD2D4186 /* Feather.ttf in Resources */ = {isa = PBXBuildFile; fileRef = 57ED35A3CDCA4BDF82F6A023 /* Feather.ttf */; };
		C30FCA2D59E24EE89382291A /* FontAwesome5_Regular.ttf in Resources */ = {isa = PBXBuildFile; fileRef = 479EA8C7303D4F9DBCE11CC9 /* FontAwesome5_Regular.ttf */; };
		C66C5CAF14FA4976A002E838 /* FontAwesome5_Solid.ttf in Resources */ = {isa = PBXBuildFile; fileRef = DC72F97548E14C04A5A0E33D /* FontAwesome5_Solid.ttf */; };
		D4CEE8850B7042FF9B0576B4 /* MaterialIcons.ttf in Resources */ = {isa = PBXBuildFile; fileRef = 5C8C34D1AFEC43FCAF6D02FF /* MaterialIcons.ttf */; };
		D6AA84E5E6154900BEFDB511 /* AntDesign.ttf in Resources */ = {isa = PBXBuildFile; fileRef = AD536A9CE7A6439094F69531 /* AntDesign.ttf */; };
		E40AA140B69740EA94F8D23C /* Foundation.ttf in Resources */ = {isa = PBXBuildFile; fileRef = 43F608C416C046D98EBBE14D /* Foundation.ttf */; };
		ED297163215061F000B7C4FE /* JavaScriptCore.framework in Frameworks */ = {isa = PBXBuildFile; fileRef = ED297162215061F000B7C4FE /* JavaScriptCore.framework */; };
		F50D5EA6BFAF4247A39D3B69 /* FontAwesome5_Brands.ttf in Resources */ = {isa = PBXBuildFile; fileRef = 9C88B144583341A4A4AADFAC /* FontAwesome5_Brands.ttf */; };
/* End PBXBuildFile section */

/* Begin PBXFileReference section */
		008F07F21AC5B25A0029DE68 /* main.jsbundle */ = {isa = PBXFileReference; fileEncoding = 4; lastKnownFileType = text; path = main.jsbundle; sourceTree = "<group>"; };
		00E356F11AD99517003FC87E /* Info.plist */ = {isa = PBXFileReference; lastKnownFileType = text.plist.xml; path = Info.plist; sourceTree = "<group>"; };
		00E356F21AD99517003FC87E /* StrangerThingsWallTests.m */ = {isa = PBXFileReference; lastKnownFileType = sourcecode.c.objc; path = StrangerThingsWallTests.m; sourceTree = "<group>"; };
		034031D7ED6444A5A8BC07E8 /* FontAwesome.ttf */ = {isa = PBXFileReference; explicitFileType = undefined; fileEncoding = 9; includeInIndex = 0; lastKnownFileType = unknown; name = FontAwesome.ttf; path = "../node_modules/react-native-vector-icons/Fonts/FontAwesome.ttf"; sourceTree = "<group>"; };
		0A1130EB9002468F07EC8F43 /* Pods_StrangerThingsWall.framework */ = {isa = PBXFileReference; explicitFileType = wrapper.framework; includeInIndex = 0; path = Pods_StrangerThingsWall.framework; sourceTree = BUILT_PRODUCTS_DIR; };
		13B07F961A680F5B00A75B9A /* StrangerThingsWall.app */ = {isa = PBXFileReference; explicitFileType = wrapper.application; includeInIndex = 0; path = StrangerThingsWall.app; sourceTree = BUILT_PRODUCTS_DIR; };
		13B07FAF1A68108700A75B9A /* AppDelegate.h */ = {isa = PBXFileReference; fileEncoding = 4; lastKnownFileType = sourcecode.c.h; name = AppDelegate.h; path = StrangerThingsWall/AppDelegate.h; sourceTree = "<group>"; };
		13B07FB01A68108700A75B9A /* AppDelegate.m */ = {isa = PBXFileReference; fileEncoding = 4; lastKnownFileType = sourcecode.c.objc; name = AppDelegate.m; path = StrangerThingsWall/AppDelegate.m; sourceTree = "<group>"; };
		13B07FB21A68108700A75B9A /* Base */ = {isa = PBXFileReference; lastKnownFileType = file.xib; name = Base; path = Base.lproj/LaunchScreen.xib; sourceTree = "<group>"; };
		13B07FB51A68108700A75B9A /* Images.xcassets */ = {isa = PBXFileReference; lastKnownFileType = folder.assetcatalog; name = Images.xcassets; path = StrangerThingsWall/Images.xcassets; sourceTree = "<group>"; };
		13B07FB61A68108700A75B9A /* Info.plist */ = {isa = PBXFileReference; fileEncoding = 4; lastKnownFileType = text.plist.xml; name = Info.plist; path = StrangerThingsWall/Info.plist; sourceTree = "<group>"; };
		13B07FB71A68108700A75B9A /* main.m */ = {isa = PBXFileReference; fileEncoding = 4; lastKnownFileType = sourcecode.c.objc; name = main.m; path = StrangerThingsWall/main.m; sourceTree = "<group>"; };
		160C83174A1D4EC884733DBE /* SimpleLineIcons.ttf */ = {isa = PBXFileReference; explicitFileType = undefined; fileEncoding = 9; includeInIndex = 0; lastKnownFileType = unknown; name = SimpleLineIcons.ttf; path = "../node_modules/react-native-vector-icons/Fonts/SimpleLineIcons.ttf"; sourceTree = "<group>"; };
		183CFAF8A6FA46788A344A5E /* Ionicons.ttf */ = {isa = PBXFileReference; explicitFileType = undefined; fileEncoding = 9; includeInIndex = 0; lastKnownFileType = unknown; name = Ionicons.ttf; path = "../node_modules/react-native-vector-icons/Fonts/Ionicons.ttf"; sourceTree = "<group>"; };
		1B507F72B602F84231DD344E /* Pods-StrangerThingsWall.release.xcconfig */ = {isa = PBXFileReference; includeInIndex = 1; lastKnownFileType = text.xcconfig; name = "Pods-StrangerThingsWall.release.xcconfig"; path = "Target Support Files/Pods-StrangerThingsWall/Pods-StrangerThingsWall.release.xcconfig"; sourceTree = "<group>"; };
		1C86A8BC2286060A00189BEA /* Octicons.ttf */ = {isa = PBXFileReference; lastKnownFileType = file; path = Octicons.ttf; sourceTree = "<group>"; };
		1C86A8BD2286060A00189BEA /* Feather.ttf */ = {isa = PBXFileReference; lastKnownFileType = file; path = Feather.ttf; sourceTree = "<group>"; };
		1C86A8BE2286060A00189BEA /* Entypo.ttf */ = {isa = PBXFileReference; lastKnownFileType = file; path = Entypo.ttf; sourceTree = "<group>"; };
		1C86A8BF2286060A00189BEA /* FontAwesome5_Brands.ttf */ = {isa = PBXFileReference; lastKnownFileType = file; path = FontAwesome5_Brands.ttf; sourceTree = "<group>"; };
		1C86A8C02286060A00189BEA /* MaterialCommunityIcons.ttf */ = {isa = PBXFileReference; lastKnownFileType = file; path = MaterialCommunityIcons.ttf; sourceTree = "<group>"; };
		1C86A8C12286060A00189BEA /* AntDesign.ttf */ = {isa = PBXFileReference; lastKnownFileType = file; path = AntDesign.ttf; sourceTree = "<group>"; };
		1C86A8C22286060A00189BEA /* Foundation.ttf */ = {isa = PBXFileReference; lastKnownFileType = file; path = Foundation.ttf; sourceTree = "<group>"; };
		1C86A8C32286060A00189BEA /* Ionicons.ttf */ = {isa = PBXFileReference; lastKnownFileType = file; path = Ionicons.ttf; sourceTree = "<group>"; };
		1C86A8C42286060A00189BEA /* FontAwesome5_Solid.ttf */ = {isa = PBXFileReference; lastKnownFileType = file; path = FontAwesome5_Solid.ttf; sourceTree = "<group>"; };
		1C86A8C52286060A00189BEA /* FontAwesome5_Regular.ttf */ = {isa = PBXFileReference; lastKnownFileType = file; path = FontAwesome5_Regular.ttf; sourceTree = "<group>"; };
		1C86A8C62286060A00189BEA /* FontAwesome.ttf */ = {isa = PBXFileReference; lastKnownFileType = file; path = FontAwesome.ttf; sourceTree = "<group>"; };
		1C86A8C72286060A00189BEA /* Zocial.ttf */ = {isa = PBXFileReference; lastKnownFileType = file; path = Zocial.ttf; sourceTree = "<group>"; };
		1C86A8C82286060A00189BEA /* EvilIcons.ttf */ = {isa = PBXFileReference; lastKnownFileType = file; path = EvilIcons.ttf; sourceTree = "<group>"; };
		1C86A8C92286060A00189BEA /* SimpleLineIcons.ttf */ = {isa = PBXFileReference; lastKnownFileType = file; path = SimpleLineIcons.ttf; sourceTree = "<group>"; };
		1C86A8CA2286060A00189BEA /* MaterialIcons.ttf */ = {isa = PBXFileReference; lastKnownFileType = file; path = MaterialIcons.ttf; sourceTree = "<group>"; };
		22C4D05E64BD4E8D8A341F0A /* MaterialIcons.ttf */ = {isa = PBXFileReference; explicitFileType = undefined; fileEncoding = 9; includeInIndex = 0; lastKnownFileType = unknown; name = MaterialIcons.ttf; path = "../node_modules/native-base/Fonts/MaterialIcons.ttf"; sourceTree = "<group>"; };
		2A521EBE589C4759845CE881 /* SimpleLineIcons.ttf */ = {isa = PBXFileReference; explicitFileType = undefined; fileEncoding = 9; includeInIndex = 0; lastKnownFileType = unknown; name = SimpleLineIcons.ttf; path = "../node_modules/native-base/Fonts/SimpleLineIcons.ttf"; sourceTree = "<group>"; };
		2C2325B65CB4401A8DE8C5F9 /* Roboto_medium.ttf */ = {isa = PBXFileReference; explicitFileType = undefined; fileEncoding = 9; includeInIndex = 0; lastKnownFileType = unknown; name = Roboto_medium.ttf; path = "../node_modules/native-base/Fonts/Roboto_medium.ttf"; sourceTree = "<group>"; };
		2D16E6891FA4F8E400B85C8A /* libReact.a */ = {isa = PBXFileReference; explicitFileType = archive.ar; path = libReact.a; sourceTree = BUILT_PRODUCTS_DIR; };
		2EDD900509E1A7617A14BA1D /* Pods-StrangerThingsWall.debug.xcconfig */ = {isa = PBXFileReference; includeInIndex = 1; lastKnownFileType = text.xcconfig; name = "Pods-StrangerThingsWall.debug.xcconfig"; path = "Target Support Files/Pods-StrangerThingsWall/Pods-StrangerThingsWall.debug.xcconfig"; sourceTree = "<group>"; };
		3163B67752BB4F25BB8DB68A /* Entypo.ttf */ = {isa = PBXFileReference; explicitFileType = undefined; fileEncoding = 9; includeInIndex = 0; lastKnownFileType = unknown; name = Entypo.ttf; path = "../node_modules/native-base/Fonts/Entypo.ttf"; sourceTree = "<group>"; };
		35A057B5A9B44BD0866816AF /* Feather.ttf */ = {isa = PBXFileReference; explicitFileType = undefined; fileEncoding = 9; includeInIndex = 0; lastKnownFileType = unknown; name = Feather.ttf; path = "../node_modules/native-base/Fonts/Feather.ttf"; sourceTree = "<group>"; };
		3E1B60C8508140C2808B2D62 /* MaterialCommunityIcons.ttf */ = {isa = PBXFileReference; explicitFileType = undefined; fileEncoding = 9; includeInIndex = 0; lastKnownFileType = unknown; name = MaterialCommunityIcons.ttf; path = "../node_modules/react-native-vector-icons/Fonts/MaterialCommunityIcons.ttf"; sourceTree = "<group>"; };
		43F608C416C046D98EBBE14D /* Foundation.ttf */ = {isa = PBXFileReference; explicitFileType = undefined; fileEncoding = 9; includeInIndex = 0; lastKnownFileType = unknown; name = Foundation.ttf; path = "../node_modules/react-native-vector-icons/Fonts/Foundation.ttf"; sourceTree = "<group>"; };
		44BFE07266574C1CB2212AF1 /* EvilIcons.ttf */ = {isa = PBXFileReference; explicitFileType = undefined; fileEncoding = 9; includeInIndex = 0; lastKnownFileType = unknown; name = EvilIcons.ttf; path = "../node_modules/react-native-vector-icons/Fonts/EvilIcons.ttf"; sourceTree = "<group>"; };
		479EA8C7303D4F9DBCE11CC9 /* FontAwesome5_Regular.ttf */ = {isa = PBXFileReference; explicitFileType = undefined; fileEncoding = 9; includeInIndex = 0; lastKnownFileType = unknown; name = FontAwesome5_Regular.ttf; path = "../node_modules/react-native-vector-icons/Fonts/FontAwesome5_Regular.ttf"; sourceTree = "<group>"; };
		51D48FB983124AE6A1FE7087 /* Octicons.ttf */ = {isa = PBXFileReference; explicitFileType = undefined; fileEncoding = 9; includeInIndex = 0; lastKnownFileType = unknown; name = Octicons.ttf; path = "../node_modules/react-native-vector-icons/Fonts/Octicons.ttf"; sourceTree = "<group>"; };
		5248F2AF8E5F417DBADEBD16 /* libBleManager.a */ = {isa = PBXFileReference; explicitFileType = undefined; fileEncoding = 9; includeInIndex = 0; lastKnownFileType = archive.ar; path = libBleManager.a; sourceTree = "<group>"; };
		57ED35A3CDCA4BDF82F6A023 /* Feather.ttf */ = {isa = PBXFileReference; explicitFileType = undefined; fileEncoding = 9; includeInIndex = 0; lastKnownFileType = unknown; name = Feather.ttf; path = "../node_modules/react-native-vector-icons/Fonts/Feather.ttf"; sourceTree = "<group>"; };
		5C412119DB9B4A9EA1D19855 /* rubicon-icon-font.ttf */ = {isa = PBXFileReference; explicitFileType = undefined; fileEncoding = 9; includeInIndex = 0; lastKnownFileType = unknown; name = "rubicon-icon-font.ttf"; path = "../node_modules/native-base/Fonts/rubicon-icon-font.ttf"; sourceTree = "<group>"; };
		5C8C34D1AFEC43FCAF6D02FF /* MaterialIcons.ttf */ = {isa = PBXFileReference; explicitFileType = undefined; fileEncoding = 9; includeInIndex = 0; lastKnownFileType = unknown; name = MaterialIcons.ttf; path = "../node_modules/react-native-vector-icons/Fonts/MaterialIcons.ttf"; sourceTree = "<group>"; };
		6708A54854C040209A5F2B1E /* Roboto.ttf */ = {isa = PBXFileReference; explicitFileType = undefined; fileEncoding = 9; includeInIndex = 0; lastKnownFileType = unknown; name = Roboto.ttf; path = "../node_modules/native-base/Fonts/Roboto.ttf"; sourceTree = "<group>"; };
		6D32C997870F4C618F8E8B68 /* FontAwesome5_Solid.ttf */ = {isa = PBXFileReference; explicitFileType = undefined; fileEncoding = 9; includeInIndex = 0; lastKnownFileType = unknown; name = FontAwesome5_Solid.ttf; path = "../node_modules/native-base/Fonts/FontAwesome5_Solid.ttf"; sourceTree = "<group>"; };
		6D6F5108C5D14945B32B3590 /* Foundation.ttf */ = {isa = PBXFileReference; explicitFileType = undefined; fileEncoding = 9; includeInIndex = 0; lastKnownFileType = unknown; name = Foundation.ttf; path = "../node_modules/native-base/Fonts/Foundation.ttf"; sourceTree = "<group>"; };
		9C88B144583341A4A4AADFAC /* FontAwesome5_Brands.ttf */ = {isa = PBXFileReference; explicitFileType = undefined; fileEncoding = 9; includeInIndex = 0; lastKnownFileType = unknown; name = FontAwesome5_Brands.ttf; path = "../node_modules/react-native-vector-icons/Fonts/FontAwesome5_Brands.ttf"; sourceTree = "<group>"; };
		A26A33141CB54D34AE066DFF /* EvilIcons.ttf */ = {isa = PBXFileReference; explicitFileType = undefined; fileEncoding = 9; includeInIndex = 0; lastKnownFileType = unknown; name = EvilIcons.ttf; path = "../node_modules/native-base/Fonts/EvilIcons.ttf"; sourceTree = "<group>"; };
		A32152E5D16048019252E004 /* libRNVectorIcons.a */ = {isa = PBXFileReference; explicitFileType = undefined; fileEncoding = 9; includeInIndex = 0; lastKnownFileType = archive.ar; path = libRNVectorIcons.a; sourceTree = "<group>"; };
		A97A2F0CFC544181BD127EC6 /* FontAwesome5_Regular.ttf */ = {isa = PBXFileReference; explicitFileType = undefined; fileEncoding = 9; includeInIndex = 0; lastKnownFileType = unknown; name = FontAwesome5_Regular.ttf; path = "../node_modules/native-base/Fonts/FontAwesome5_Regular.ttf"; sourceTree = "<group>"; };
		A98F182F82884AE78BA5D762 /* MaterialCommunityIcons.ttf */ = {isa = PBXFileReference; explicitFileType = undefined; fileEncoding = 9; includeInIndex = 0; lastKnownFileType = unknown; name = MaterialCommunityIcons.ttf; path = "../node_modules/native-base/Fonts/MaterialCommunityIcons.ttf"; sourceTree = "<group>"; };
		AD536A9CE7A6439094F69531 /* AntDesign.ttf */ = {isa = PBXFileReference; explicitFileType = undefined; fileEncoding = 9; includeInIndex = 0; lastKnownFileType = unknown; name = AntDesign.ttf; path = "../node_modules/react-native-vector-icons/Fonts/AntDesign.ttf"; sourceTree = "<group>"; };
		AE0616AD6E9B4F648F5A2B73 /* Fontisto.ttf */ = {isa = PBXFileReference; explicitFileType = undefined; fileEncoding = 9; includeInIndex = 0; lastKnownFileType = unknown; name = Fontisto.ttf; path = "../node_modules/react-native-vector-icons/Fonts/Fontisto.ttf"; sourceTree = "<group>"; };
		B54290691B414B6591E2DAF0 /* Zocial.ttf */ = {isa = PBXFileReference; explicitFileType = undefined; fileEncoding = 9; includeInIndex = 0; lastKnownFileType = unknown; name = Zocial.ttf; path = "../node_modules/native-base/Fonts/Zocial.ttf"; sourceTree = "<group>"; };
		C3813355620847369B22701A /* Entypo.ttf */ = {isa = PBXFileReference; explicitFileType = undefined; fileEncoding = 9; includeInIndex = 0; lastKnownFileType = unknown; name = Entypo.ttf; path = "../node_modules/react-native-vector-icons/Fonts/Entypo.ttf"; sourceTree = "<group>"; };
		DC72F97548E14C04A5A0E33D /* FontAwesome5_Solid.ttf */ = {isa = PBXFileReference; explicitFileType = undefined; fileEncoding = 9; includeInIndex = 0; lastKnownFileType = unknown; name = FontAwesome5_Solid.ttf; path = "../node_modules/react-native-vector-icons/Fonts/FontAwesome5_Solid.ttf"; sourceTree = "<group>"; };
		E00E0919C0C04A728B6E9B81 /* Ionicons.ttf */ = {isa = PBXFileReference; explicitFileType = undefined; fileEncoding = 9; includeInIndex = 0; lastKnownFileType = unknown; name = Ionicons.ttf; path = "../node_modules/native-base/Fonts/Ionicons.ttf"; sourceTree = "<group>"; };
		E201773CEDF340E39E693B8C /* Octicons.ttf */ = {isa = PBXFileReference; explicitFileType = undefined; fileEncoding = 9; includeInIndex = 0; lastKnownFileType = unknown; name = Octicons.ttf; path = "../node_modules/native-base/Fonts/Octicons.ttf"; sourceTree = "<group>"; };
		ED297162215061F000B7C4FE /* JavaScriptCore.framework */ = {isa = PBXFileReference; lastKnownFileType = wrapper.framework; name = JavaScriptCore.framework; path = System/Library/Frameworks/JavaScriptCore.framework; sourceTree = SDKROOT; };
		ED2971642150620600B7C4FE /* JavaScriptCore.framework */ = {isa = PBXFileReference; lastKnownFileType = wrapper.framework; name = JavaScriptCore.framework; path = Platforms/AppleTVOS.platform/Developer/SDKs/AppleTVOS12.0.sdk/System/Library/Frameworks/JavaScriptCore.framework; sourceTree = DEVELOPER_DIR; };
		F651E389364E420B9DB45FE3 /* FontAwesome5_Brands.ttf */ = {isa = PBXFileReference; explicitFileType = undefined; fileEncoding = 9; includeInIndex = 0; lastKnownFileType = unknown; name = FontAwesome5_Brands.ttf; path = "../node_modules/native-base/Fonts/FontAwesome5_Brands.ttf"; sourceTree = "<group>"; };
		FB7537C5170E453E91063739 /* libRNVectorIcons-tvOS.a */ = {isa = PBXFileReference; explicitFileType = undefined; fileEncoding = 9; includeInIndex = 0; lastKnownFileType = archive.ar; path = "libRNVectorIcons-tvOS.a"; sourceTree = "<group>"; };
		FBD1D10A6A9D49648373BE3A /* AntDesign.ttf */ = {isa = PBXFileReference; explicitFileType = undefined; fileEncoding = 9; includeInIndex = 0; lastKnownFileType = unknown; name = AntDesign.ttf; path = "../node_modules/native-base/Fonts/AntDesign.ttf"; sourceTree = "<group>"; };
		FBDAF2F0A0CB49D28C94B14A /* Zocial.ttf */ = {isa = PBXFileReference; explicitFileType = undefined; fileEncoding = 9; includeInIndex = 0; lastKnownFileType = unknown; name = Zocial.ttf; path = "../node_modules/react-native-vector-icons/Fonts/Zocial.ttf"; sourceTree = "<group>"; };
		FFD3771C38E544DAA7FE287E /* FontAwesome.ttf */ = {isa = PBXFileReference; explicitFileType = undefined; fileEncoding = 9; includeInIndex = 0; lastKnownFileType = unknown; name = FontAwesome.ttf; path = "../node_modules/native-base/Fonts/FontAwesome.ttf"; sourceTree = "<group>"; };
/* End PBXFileReference section */

/* Begin PBXFrameworksBuildPhase section */
		13B07F8C1A680F5B00A75B9A /* Frameworks */ = {
			isa = PBXFrameworksBuildPhase;
			buildActionMask = 2147483647;
			files = (
				ED297163215061F000B7C4FE /* JavaScriptCore.framework in Frameworks */,
				4D6EB144B4A382D1E6324E63 /* Pods_StrangerThingsWall.framework in Frameworks */,
			);
			runOnlyForDeploymentPostprocessing = 0;
		};
/* End PBXFrameworksBuildPhase section */

/* Begin PBXGroup section */
		00E356EF1AD99517003FC87E /* StrangerThingsWallTests */ = {
			isa = PBXGroup;
			children = (
				00E356F21AD99517003FC87E /* StrangerThingsWallTests.m */,
				00E356F01AD99517003FC87E /* Supporting Files */,
			);
			path = StrangerThingsWallTests;
			sourceTree = "<group>";
		};
		00E356F01AD99517003FC87E /* Supporting Files */ = {
			isa = PBXGroup;
			children = (
				00E356F11AD99517003FC87E /* Info.plist */,
			);
			name = "Supporting Files";
			sourceTree = "<group>";
		};
		13B07FAE1A68108700A75B9A /* StrangerThingsWall */ = {
			isa = PBXGroup;
			children = (
				008F07F21AC5B25A0029DE68 /* main.jsbundle */,
				13B07FAF1A68108700A75B9A /* AppDelegate.h */,
				13B07FB01A68108700A75B9A /* AppDelegate.m */,
				13B07FB51A68108700A75B9A /* Images.xcassets */,
				13B07FB61A68108700A75B9A /* Info.plist */,
				13B07FB11A68108700A75B9A /* LaunchScreen.xib */,
				13B07FB71A68108700A75B9A /* main.m */,
			);
			name = StrangerThingsWall;
			sourceTree = "<group>";
		};
		1C86A8BB2286060A00189BEA /* Fonts */ = {
			isa = PBXGroup;
			children = (
				1C86A8BC2286060A00189BEA /* Octicons.ttf */,
				1C86A8BD2286060A00189BEA /* Feather.ttf */,
				1C86A8BE2286060A00189BEA /* Entypo.ttf */,
				1C86A8BF2286060A00189BEA /* FontAwesome5_Brands.ttf */,
				1C86A8C02286060A00189BEA /* MaterialCommunityIcons.ttf */,
				1C86A8C12286060A00189BEA /* AntDesign.ttf */,
				1C86A8C22286060A00189BEA /* Foundation.ttf */,
				1C86A8C32286060A00189BEA /* Ionicons.ttf */,
				1C86A8C42286060A00189BEA /* FontAwesome5_Solid.ttf */,
				1C86A8C52286060A00189BEA /* FontAwesome5_Regular.ttf */,
				1C86A8C62286060A00189BEA /* FontAwesome.ttf */,
				1C86A8C72286060A00189BEA /* Zocial.ttf */,
				1C86A8C82286060A00189BEA /* EvilIcons.ttf */,
				1C86A8C92286060A00189BEA /* SimpleLineIcons.ttf */,
				1C86A8CA2286060A00189BEA /* MaterialIcons.ttf */,
			);
			name = Fonts;
			path = "../node_modules/react-native-vector-icons/Fonts";
			sourceTree = "<group>";
		};
		1CAEDE15227B9AD500C0CDBC /* Recovered References */ = {
			isa = PBXGroup;
			children = (
				5248F2AF8E5F417DBADEBD16 /* libBleManager.a */,
				A32152E5D16048019252E004 /* libRNVectorIcons.a */,
				FB7537C5170E453E91063739 /* libRNVectorIcons-tvOS.a */,
			);
			name = "Recovered References";
			sourceTree = "<group>";
		};
		2D16E6871FA4F8E400B85C8A /* Frameworks */ = {
			isa = PBXGroup;
			children = (
				ED297162215061F000B7C4FE /* JavaScriptCore.framework */,
				ED2971642150620600B7C4FE /* JavaScriptCore.framework */,
				2D16E6891FA4F8E400B85C8A /* libReact.a */,
				0A1130EB9002468F07EC8F43 /* Pods_StrangerThingsWall.framework */,
			);
			name = Frameworks;
			sourceTree = "<group>";
		};
		83CBB9F61A601CBA00E9B192 = {
			isa = PBXGroup;
			children = (
				1C86A8BB2286060A00189BEA /* Fonts */,
				13B07FAE1A68108700A75B9A /* StrangerThingsWall */,
				00E356EF1AD99517003FC87E /* StrangerThingsWallTests */,
				83CBBA001A601CBA00E9B192 /* Products */,
				2D16E6871FA4F8E400B85C8A /* Frameworks */,
				8610A1C07C9D4F37BD63166C /* Resources */,
				1CAEDE15227B9AD500C0CDBC /* Recovered References */,
				D0206E640E38232332EE4519 /* Pods */,
			);
			indentWidth = 2;
			sourceTree = "<group>";
			tabWidth = 2;
			usesTabs = 0;
		};
		83CBBA001A601CBA00E9B192 /* Products */ = {
			isa = PBXGroup;
			children = (
				13B07F961A680F5B00A75B9A /* StrangerThingsWall.app */,
			);
			name = Products;
			sourceTree = "<group>";
		};
		8610A1C07C9D4F37BD63166C /* Resources */ = {
			isa = PBXGroup;
			children = (
				FBD1D10A6A9D49648373BE3A /* AntDesign.ttf */,
				3163B67752BB4F25BB8DB68A /* Entypo.ttf */,
				A26A33141CB54D34AE066DFF /* EvilIcons.ttf */,
				35A057B5A9B44BD0866816AF /* Feather.ttf */,
				FFD3771C38E544DAA7FE287E /* FontAwesome.ttf */,
				F651E389364E420B9DB45FE3 /* FontAwesome5_Brands.ttf */,
				A97A2F0CFC544181BD127EC6 /* FontAwesome5_Regular.ttf */,
				6D32C997870F4C618F8E8B68 /* FontAwesome5_Solid.ttf */,
				6D6F5108C5D14945B32B3590 /* Foundation.ttf */,
				E00E0919C0C04A728B6E9B81 /* Ionicons.ttf */,
				A98F182F82884AE78BA5D762 /* MaterialCommunityIcons.ttf */,
				22C4D05E64BD4E8D8A341F0A /* MaterialIcons.ttf */,
				E201773CEDF340E39E693B8C /* Octicons.ttf */,
				2C2325B65CB4401A8DE8C5F9 /* Roboto_medium.ttf */,
				6708A54854C040209A5F2B1E /* Roboto.ttf */,
				5C412119DB9B4A9EA1D19855 /* rubicon-icon-font.ttf */,
				2A521EBE589C4759845CE881 /* SimpleLineIcons.ttf */,
				B54290691B414B6591E2DAF0 /* Zocial.ttf */,
				AD536A9CE7A6439094F69531 /* AntDesign.ttf */,
				C3813355620847369B22701A /* Entypo.ttf */,
				44BFE07266574C1CB2212AF1 /* EvilIcons.ttf */,
				57ED35A3CDCA4BDF82F6A023 /* Feather.ttf */,
				034031D7ED6444A5A8BC07E8 /* FontAwesome.ttf */,
				9C88B144583341A4A4AADFAC /* FontAwesome5_Brands.ttf */,
				479EA8C7303D4F9DBCE11CC9 /* FontAwesome5_Regular.ttf */,
				DC72F97548E14C04A5A0E33D /* FontAwesome5_Solid.ttf */,
				43F608C416C046D98EBBE14D /* Foundation.ttf */,
				183CFAF8A6FA46788A344A5E /* Ionicons.ttf */,
				3E1B60C8508140C2808B2D62 /* MaterialCommunityIcons.ttf */,
				5C8C34D1AFEC43FCAF6D02FF /* MaterialIcons.ttf */,
				51D48FB983124AE6A1FE7087 /* Octicons.ttf */,
				160C83174A1D4EC884733DBE /* SimpleLineIcons.ttf */,
				FBDAF2F0A0CB49D28C94B14A /* Zocial.ttf */,
				AE0616AD6E9B4F648F5A2B73 /* Fontisto.ttf */,
			);
			name = Resources;
			sourceTree = "<group>";
		};
		D0206E640E38232332EE4519 /* Pods */ = {
			isa = PBXGroup;
			children = (
				2EDD900509E1A7617A14BA1D /* Pods-StrangerThingsWall.debug.xcconfig */,
				1B507F72B602F84231DD344E /* Pods-StrangerThingsWall.release.xcconfig */,
			);
			path = Pods;
			sourceTree = "<group>";
		};
/* End PBXGroup section */

/* Begin PBXNativeTarget section */
		13B07F861A680F5B00A75B9A /* StrangerThingsWall */ = {
			isa = PBXNativeTarget;
			buildConfigurationList = 13B07F931A680F5B00A75B9A /* Build configuration list for PBXNativeTarget "StrangerThingsWall" */;
			buildPhases = (
				3106734E4827101228C93F3D /* [CP] Check Pods Manifest.lock */,
				13B07F871A680F5B00A75B9A /* Sources */,
				13B07F8C1A680F5B00A75B9A /* Frameworks */,
				13B07F8E1A680F5B00A75B9A /* Resources */,
				00DD1BFF1BD5951E006B06BC /* Bundle React Native code and images */,
				C760565FF016A4DB13D1B3C3 /* [CP] Embed Pods Frameworks */,
			);
			buildRules = (
			);
			dependencies = (
			);
			name = StrangerThingsWall;
			productName = "Hello World";
			productReference = 13B07F961A680F5B00A75B9A /* StrangerThingsWall.app */;
			productType = "com.apple.product-type.application";
		};
/* End PBXNativeTarget section */

/* Begin PBXProject section */
		83CBB9F71A601CBA00E9B192 /* Project object */ = {
			isa = PBXProject;
			attributes = {
				LastUpgradeCheck = 1020;
				ORGANIZATIONNAME = Facebook;
				TargetAttributes = {
					13B07F861A680F5B00A75B9A = {
						DevelopmentTeam = CPTW4T29PK;
						SystemCapabilities = {
							com.apple.BackgroundModes = {
								enabled = 1;
							};
						};
					};
				};
			};
			buildConfigurationList = 83CBB9FA1A601CBA00E9B192 /* Build configuration list for PBXProject "StrangerThingsWall" */;
			compatibilityVersion = "Xcode 3.2";
			developmentRegion = en;
			hasScannedForEncodings = 0;
			knownRegions = (
				en,
				Base,
			);
			mainGroup = 83CBB9F61A601CBA00E9B192;
			productRefGroup = 83CBBA001A601CBA00E9B192 /* Products */;
			projectDirPath = "";
			projectRoot = "";
			targets = (
				13B07F861A680F5B00A75B9A /* StrangerThingsWall */,
			);
		};
/* End PBXProject section */

/* Begin PBXResourcesBuildPhase section */
		13B07F8E1A680F5B00A75B9A /* Resources */ = {
			isa = PBXResourcesBuildPhase;
			buildActionMask = 2147483647;
			files = (
				13B07FBF1A68108700A75B9A /* Images.xcassets in Resources */,
				13B07FBD1A68108700A75B9A /* LaunchScreen.xib in Resources */,
				1C86A8D92286060B00189BEA /* MaterialIcons.ttf in Resources */,
				1C86A8D82286060B00189BEA /* SimpleLineIcons.ttf in Resources */,
				1C86A8CF2286060B00189BEA /* MaterialCommunityIcons.ttf in Resources */,
				1C86A8D32286060B00189BEA /* FontAwesome5_Solid.ttf in Resources */,
				1C86A8CB2286060B00189BEA /* Octicons.ttf in Resources */,
				1C86A8D62286060B00189BEA /* Zocial.ttf in Resources */,
				1C86A8D12286060B00189BEA /* Foundation.ttf in Resources */,
				1C86A8D02286060B00189BEA /* AntDesign.ttf in Resources */,
				1C86A8CE2286060B00189BEA /* FontAwesome5_Brands.ttf in Resources */,
				D6AA84E5E6154900BEFDB511 /* AntDesign.ttf in Resources */,
				7B724EFF29284055AD78F708 /* Entypo.ttf in Resources */,
				72B5BDCBFC3248B1A823CE94 /* EvilIcons.ttf in Resources */,
				C1A66FBB238D43BFAD2D4186 /* Feather.ttf in Resources */,
				1C86A8CD2286060B00189BEA /* Entypo.ttf in Resources */,
				1B899748D3794EA6ADAE58D4 /* FontAwesome.ttf in Resources */,
				F50D5EA6BFAF4247A39D3B69 /* FontAwesome5_Brands.ttf in Resources */,
				C30FCA2D59E24EE89382291A /* FontAwesome5_Regular.ttf in Resources */,
				C66C5CAF14FA4976A002E838 /* FontAwesome5_Solid.ttf in Resources */,
				1C86A8D22286060B00189BEA /* Ionicons.ttf in Resources */,
				1C86A8D72286060B00189BEA /* EvilIcons.ttf in Resources */,
				E40AA140B69740EA94F8D23C /* Foundation.ttf in Resources */,
				0DF1CD3AA5914729BAB8E584 /* Ionicons.ttf in Resources */,
				2BB4A03B85B043F4925B1994 /* MaterialCommunityIcons.ttf in Resources */,
				1C86A8CC2286060B00189BEA /* Feather.ttf in Resources */,
				D4CEE8850B7042FF9B0576B4 /* MaterialIcons.ttf in Resources */,
				1C86A8D52286060B00189BEA /* FontAwesome.ttf in Resources */,
				4415C2D0C4AA400A89D5CD7E /* Octicons.ttf in Resources */,
				1C86A8D42286060B00189BEA /* FontAwesome5_Regular.ttf in Resources */,
				81080888B63B46CEBF26F930 /* SimpleLineIcons.ttf in Resources */,
				1592B9EB9077485C9B175C1C /* Zocial.ttf in Resources */,
				BCA94A4CEEF944B994DF7C4F /* Fontisto.ttf in Resources */,
			);
			runOnlyForDeploymentPostprocessing = 0;
		};
/* End PBXResourcesBuildPhase section */

/* Begin PBXShellScriptBuildPhase section */
		00DD1BFF1BD5951E006B06BC /* Bundle React Native code and images */ = {
			isa = PBXShellScriptBuildPhase;
			buildActionMask = 2147483647;
			files = (
			);
			inputPaths = (
			);
			name = "Bundle React Native code and images";
			outputPaths = (
			);
			runOnlyForDeploymentPostprocessing = 0;
			shellPath = /bin/sh;
			shellScript = "export NODE_BINARY=node\n../node_modules/react-native/scripts/react-native-xcode.sh";
		};
		3106734E4827101228C93F3D /* [CP] Check Pods Manifest.lock */ = {
			isa = PBXShellScriptBuildPhase;
			buildActionMask = 2147483647;
			files = (
			);
			inputFileListPaths = (
			);
			inputPaths = (
				"${PODS_PODFILE_DIR_PATH}/Podfile.lock",
				"${PODS_ROOT}/Manifest.lock",
			);
			name = "[CP] Check Pods Manifest.lock";
			outputFileListPaths = (
			);
			outputPaths = (
				"$(DERIVED_FILE_DIR)/Pods-StrangerThingsWall-checkManifestLockResult.txt",
			);
			runOnlyForDeploymentPostprocessing = 0;
			shellPath = /bin/sh;
			shellScript = "diff \"${PODS_PODFILE_DIR_PATH}/Podfile.lock\" \"${PODS_ROOT}/Manifest.lock\" > /dev/null\nif [ $? != 0 ] ; then\n    # print error to STDERR\n    echo \"error: The sandbox is not in sync with the Podfile.lock. Run 'pod install' or update your CocoaPods installation.\" >&2\n    exit 1\nfi\n# This output is used by Xcode 'outputs' to avoid re-running this script phase.\necho \"SUCCESS\" > \"${SCRIPT_OUTPUT_FILE_0}\"\n";
			showEnvVarsInLog = 0;
		};
		C760565FF016A4DB13D1B3C3 /* [CP] Embed Pods Frameworks */ = {
			isa = PBXShellScriptBuildPhase;
			buildActionMask = 2147483647;
			files = (
			);
			inputPaths = (
				"${PODS_ROOT}/Target Support Files/Pods-StrangerThingsWall/Pods-StrangerThingsWall-frameworks.sh",
				"${BUILT_PRODUCTS_DIR}/DoubleConversion/DoubleConversion.framework",
				"${BUILT_PRODUCTS_DIR}/Folly/folly.framework",
				"${BUILT_PRODUCTS_DIR}/RNVectorIcons/RNVectorIcons.framework",
				"${BUILT_PRODUCTS_DIR}/React/React.framework",
				"${BUILT_PRODUCTS_DIR}/ReactNativeNavigation/ReactNativeNavigation.framework",
				"${BUILT_PRODUCTS_DIR}/ZIPFoundation/ZIPFoundation.framework",
				"${BUILT_PRODUCTS_DIR}/glog/glog.framework",
				"${BUILT_PRODUCTS_DIR}/iOSDFULibrary/iOSDFULibrary.framework",
				"${BUILT_PRODUCTS_DIR}/react-native-ble-manager/react_native_ble_manager.framework",
				"${BUILT_PRODUCTS_DIR}/react-native-netinfo/react_native_netinfo.framework",
				"${BUILT_PRODUCTS_DIR}/react-native-nordic-dfu/react_native_nordic_dfu.framework",
				"${BUILT_PRODUCTS_DIR}/rn-fetch-blob/rn_fetch_blob.framework",
				"${BUILT_PRODUCTS_DIR}/yoga/yoga.framework",
			);
			name = "[CP] Embed Pods Frameworks";
			outputPaths = (
				"${TARGET_BUILD_DIR}/${FRAMEWORKS_FOLDER_PATH}/DoubleConversion.framework",
				"${TARGET_BUILD_DIR}/${FRAMEWORKS_FOLDER_PATH}/folly.framework",
				"${TARGET_BUILD_DIR}/${FRAMEWORKS_FOLDER_PATH}/RNVectorIcons.framework",
				"${TARGET_BUILD_DIR}/${FRAMEWORKS_FOLDER_PATH}/React.framework",
				"${TARGET_BUILD_DIR}/${FRAMEWORKS_FOLDER_PATH}/ReactNativeNavigation.framework",
				"${TARGET_BUILD_DIR}/${FRAMEWORKS_FOLDER_PATH}/ZIPFoundation.framework",
				"${TARGET_BUILD_DIR}/${FRAMEWORKS_FOLDER_PATH}/glog.framework",
				"${TARGET_BUILD_DIR}/${FRAMEWORKS_FOLDER_PATH}/iOSDFULibrary.framework",
				"${TARGET_BUILD_DIR}/${FRAMEWORKS_FOLDER_PATH}/react_native_ble_manager.framework",
				"${TARGET_BUILD_DIR}/${FRAMEWORKS_FOLDER_PATH}/react_native_netinfo.framework",
				"${TARGET_BUILD_DIR}/${FRAMEWORKS_FOLDER_PATH}/react_native_nordic_dfu.framework",
				"${TARGET_BUILD_DIR}/${FRAMEWORKS_FOLDER_PATH}/rn_fetch_blob.framework",
				"${TARGET_BUILD_DIR}/${FRAMEWORKS_FOLDER_PATH}/yoga.framework",
			);
			runOnlyForDeploymentPostprocessing = 0;
			shellPath = /bin/sh;
			shellScript = "\"${PODS_ROOT}/Target Support Files/Pods-StrangerThingsWall/Pods-StrangerThingsWall-frameworks.sh\"\n";
			showEnvVarsInLog = 0;
		};
/* End PBXShellScriptBuildPhase section */

/* Begin PBXSourcesBuildPhase section */
		13B07F871A680F5B00A75B9A /* Sources */ = {
			isa = PBXSourcesBuildPhase;
			buildActionMask = 2147483647;
			files = (
				13B07FBC1A68108700A75B9A /* AppDelegate.m in Sources */,
				13B07FC11A68108700A75B9A /* main.m in Sources */,
			);
			runOnlyForDeploymentPostprocessing = 0;
		};
/* End PBXSourcesBuildPhase section */

/* Begin PBXVariantGroup section */
		13B07FB11A68108700A75B9A /* LaunchScreen.xib */ = {
			isa = PBXVariantGroup;
			children = (
				13B07FB21A68108700A75B9A /* Base */,
			);
			name = LaunchScreen.xib;
			path = StrangerThingsWall;
			sourceTree = "<group>";
		};
/* End PBXVariantGroup section */

/* Begin XCBuildConfiguration section */
		13B07F941A680F5B00A75B9A /* Debug */ = {
			isa = XCBuildConfiguration;
			baseConfigurationReference = 2EDD900509E1A7617A14BA1D /* Pods-StrangerThingsWall.debug.xcconfig */;
			buildSettings = {
				ALWAYS_EMBED_SWIFT_STANDARD_LIBRARIES = "$(inherited)";
				ASSETCATALOG_COMPILER_APPICON_NAME = AppIcon;
				CURRENT_PROJECT_VERSION = 1;
				DEAD_CODE_STRIPPING = NO;
				DEVELOPMENT_TEAM = CPTW4T29PK;
				HEADER_SEARCH_PATHS = (
					"$(inherited)",
					"$(SRCROOT)/../node_modules/react-native-ble-manager/ios",
					"$(SRCROOT)/../node_modules/react-native-vector-icons/RNVectorIconsManager",
				);
				INFOPLIST_FILE = StrangerThingsWall/Info.plist;
				LD_RUNPATH_SEARCH_PATHS = "$(inherited) @executable_path/Frameworks";
				OTHER_LDFLAGS = (
					"$(inherited)",
					"-ObjC",
					"-lc++",
				);
				PRODUCT_BUNDLE_IDENTIFIER = com.elliegrid.ReginasWall;
				PRODUCT_NAME = StrangerThingsWall;
				SWIFT_VERSION = 5;
				VERSIONING_SYSTEM = "apple-generic";
			};
			name = Debug;
		};
		13B07F951A680F5B00A75B9A /* Release */ = {
			isa = XCBuildConfiguration;
			baseConfigurationReference = 1B507F72B602F84231DD344E /* Pods-StrangerThingsWall.release.xcconfig */;
			buildSettings = {
				ALWAYS_EMBED_SWIFT_STANDARD_LIBRARIES = "$(inherited)";
				ASSETCATALOG_COMPILER_APPICON_NAME = AppIcon;
				CURRENT_PROJECT_VERSION = 1;
				DEVELOPMENT_TEAM = CPTW4T29PK;
				HEADER_SEARCH_PATHS = (
					"$(inherited)",
					"$(SRCROOT)/../node_modules/react-native-ble-manager/ios",
					"$(SRCROOT)/../node_modules/react-native-vector-icons/RNVectorIconsManager",
				);
				INFOPLIST_FILE = StrangerThingsWall/Info.plist;
				LD_RUNPATH_SEARCH_PATHS = "$(inherited) @executable_path/Frameworks";
				OTHER_LDFLAGS = (
					"$(inherited)",
					"-ObjC",
					"-lc++",
				);
				PRODUCT_BUNDLE_IDENTIFIER = com.elliegrid.ReginasWall;
				PRODUCT_NAME = StrangerThingsWall;
				SWIFT_VERSION = 5;
				VERSIONING_SYSTEM = "apple-generic";
			};
			name = Release;
		};
		83CBBA201A601CBA00E9B192 /* Debug */ = {
			isa = XCBuildConfiguration;
			buildSettings = {
				ALWAYS_SEARCH_USER_PATHS = NO;
				CLANG_ANALYZER_LOCALIZABILITY_NONLOCALIZED = YES;
				CLANG_CXX_LANGUAGE_STANDARD = "gnu++0x";
				CLANG_CXX_LIBRARY = "libc++";
				CLANG_ENABLE_MODULES = YES;
				CLANG_ENABLE_OBJC_ARC = YES;
				CLANG_WARN_BLOCK_CAPTURE_AUTORELEASING = YES;
				CLANG_WARN_BOOL_CONVERSION = YES;
				CLANG_WARN_COMMA = YES;
				CLANG_WARN_CONSTANT_CONVERSION = YES;
				CLANG_WARN_DEPRECATED_OBJC_IMPLEMENTATIONS = YES;
				CLANG_WARN_DIRECT_OBJC_ISA_USAGE = YES_ERROR;
				CLANG_WARN_EMPTY_BODY = YES;
				CLANG_WARN_ENUM_CONVERSION = YES;
				CLANG_WARN_INFINITE_RECURSION = YES;
				CLANG_WARN_INT_CONVERSION = YES;
				CLANG_WARN_NON_LITERAL_NULL_CONVERSION = YES;
				CLANG_WARN_OBJC_IMPLICIT_RETAIN_SELF = YES;
				CLANG_WARN_OBJC_LITERAL_CONVERSION = YES;
				CLANG_WARN_OBJC_ROOT_CLASS = YES_ERROR;
				CLANG_WARN_RANGE_LOOP_ANALYSIS = YES;
				CLANG_WARN_STRICT_PROTOTYPES = YES;
				CLANG_WARN_SUSPICIOUS_MOVE = YES;
				CLANG_WARN_UNREACHABLE_CODE = YES;
				CLANG_WARN__DUPLICATE_METHOD_MATCH = YES;
				"CODE_SIGN_IDENTITY[sdk=iphoneos*]" = "iPhone Developer";
				COPY_PHASE_STRIP = NO;
				ENABLE_STRICT_OBJC_MSGSEND = YES;
				ENABLE_TESTABILITY = YES;
				GCC_C_LANGUAGE_STANDARD = gnu99;
				GCC_DYNAMIC_NO_PIC = NO;
				GCC_NO_COMMON_BLOCKS = YES;
				GCC_OPTIMIZATION_LEVEL = 0;
				GCC_PREPROCESSOR_DEFINITIONS = (
					"DEBUG=1",
					"$(inherited)",
				);
				GCC_SYMBOLS_PRIVATE_EXTERN = NO;
				GCC_WARN_64_TO_32_BIT_CONVERSION = YES;
				GCC_WARN_ABOUT_RETURN_TYPE = YES_ERROR;
				GCC_WARN_UNDECLARED_SELECTOR = YES;
				GCC_WARN_UNINITIALIZED_AUTOS = YES_AGGRESSIVE;
				GCC_WARN_UNUSED_FUNCTION = YES;
				GCC_WARN_UNUSED_VARIABLE = YES;
				IPHONEOS_DEPLOYMENT_TARGET = 9.0;
				MTL_ENABLE_DEBUG_INFO = YES;
				ONLY_ACTIVE_ARCH = YES;
				SDKROOT = iphoneos;
			};
			name = Debug;
		};
		83CBBA211A601CBA00E9B192 /* Release */ = {
			isa = XCBuildConfiguration;
			buildSettings = {
				ALWAYS_SEARCH_USER_PATHS = NO;
				CLANG_ANALYZER_LOCALIZABILITY_NONLOCALIZED = YES;
				CLANG_CXX_LANGUAGE_STANDARD = "gnu++0x";
				CLANG_CXX_LIBRARY = "libc++";
				CLANG_ENABLE_MODULES = YES;
				CLANG_ENABLE_OBJC_ARC = YES;
				CLANG_WARN_BLOCK_CAPTURE_AUTORELEASING = YES;
				CLANG_WARN_BOOL_CONVERSION = YES;
				CLANG_WARN_COMMA = YES;
				CLANG_WARN_CONSTANT_CONVERSION = YES;
				CLANG_WARN_DEPRECATED_OBJC_IMPLEMENTATIONS = YES;
				CLANG_WARN_DIRECT_OBJC_ISA_USAGE = YES_ERROR;
				CLANG_WARN_EMPTY_BODY = YES;
				CLANG_WARN_ENUM_CONVERSION = YES;
				CLANG_WARN_INFINITE_RECURSION = YES;
				CLANG_WARN_INT_CONVERSION = YES;
				CLANG_WARN_NON_LITERAL_NULL_CONVERSION = YES;
				CLANG_WARN_OBJC_IMPLICIT_RETAIN_SELF = YES;
				CLANG_WARN_OBJC_LITERAL_CONVERSION = YES;
				CLANG_WARN_OBJC_ROOT_CLASS = YES_ERROR;
				CLANG_WARN_RANGE_LOOP_ANALYSIS = YES;
				CLANG_WARN_STRICT_PROTOTYPES = YES;
				CLANG_WARN_SUSPICIOUS_MOVE = YES;
				CLANG_WARN_UNREACHABLE_CODE = YES;
				CLANG_WARN__DUPLICATE_METHOD_MATCH = YES;
				"CODE_SIGN_IDENTITY[sdk=iphoneos*]" = "iPhone Developer";
				COPY_PHASE_STRIP = YES;
				ENABLE_NS_ASSERTIONS = NO;
				ENABLE_STRICT_OBJC_MSGSEND = YES;
				GCC_C_LANGUAGE_STANDARD = gnu99;
				GCC_NO_COMMON_BLOCKS = YES;
				GCC_WARN_64_TO_32_BIT_CONVERSION = YES;
				GCC_WARN_ABOUT_RETURN_TYPE = YES_ERROR;
				GCC_WARN_UNDECLARED_SELECTOR = YES;
				GCC_WARN_UNINITIALIZED_AUTOS = YES_AGGRESSIVE;
				GCC_WARN_UNUSED_FUNCTION = YES;
				GCC_WARN_UNUSED_VARIABLE = YES;
				IPHONEOS_DEPLOYMENT_TARGET = 9.0;
				MTL_ENABLE_DEBUG_INFO = NO;
				SDKROOT = iphoneos;
				VALIDATE_PRODUCT = YES;
			};
			name = Release;
		};
/* End XCBuildConfiguration section */

/* Begin XCConfigurationList section */
		13B07F931A680F5B00A75B9A /* Build configuration list for PBXNativeTarget "StrangerThingsWall" */ = {
			isa = XCConfigurationList;
			buildConfigurations = (
				13B07F941A680F5B00A75B9A /* Debug */,
				13B07F951A680F5B00A75B9A /* Release */,
			);
			defaultConfigurationIsVisible = 0;
			defaultConfigurationName = Release;
		};
		83CBB9FA1A601CBA00E9B192 /* Build configuration list for PBXProject "StrangerThingsWall" */ = {
			isa = XCConfigurationList;
			buildConfigurations = (
				83CBBA201A601CBA00E9B192 /* Debug */,
				83CBBA211A601CBA00E9B192 /* Release */,
			);
			defaultConfigurationIsVisible = 0;
			defaultConfigurationName = Release;
		};
/* End XCConfigurationList section */
	};
	rootObject = 83CBB9F71A601CBA00E9B192 /* Project object */;
}
